
Microsoft Visual Studio Solution File, Format Version 12.00
# Visual Studio Version 17
VisualStudioVersion = 17.14.36429.23
MinimumVisualStudioVersion = 10.0.40219.1
Project("{2150E333-8FDC-42A3-9474-1A3956D46DE8}") = "Task0", "Task0", "{02EA681E-C7D8-13C7-8484-4AC65E1B71E8}"
EndProject
Project("{FAE04EC0-301F-11D3-BF4B-00C04F79EFBC}") = "Tyuiu.PisarevMA.Sprint3.Task0.V25", "Tyuiu.PisarevMA.Sprint3.Task0.V25\Tyuiu.PisarevMA.Sprint3.Task0.V25.csproj", "{C0936A78-205C-45BE-9C85-4277298C45B5}"
EndProject
Project("{FAE04EC0-301F-11D3-BF4B-00C04F79EFBC}") = "Tyuiu.PisarevMA.Sprint3.Task0.V25.Lib", "Tyuiu.PisarevMA.Sprint3.Task0.V25.Lib\Tyuiu.PisarevMA.Sprint3.Task0.V25.Lib.csproj", "{83A98987-AC88-4893-92F8-A642F23B829D}"
EndProject
Project("{FAE04EC0-301F-11D3-BF4B-00C04F79EFBC}") = "Tyuiu.PisarevMA.Sprint3.Task0.V25.Test", "Tyuiu.PisarevMA.Sprint3.Task0.V25.Test\Tyuiu.PisarevMA.Sprint3.Task0.V25.Test.csproj", "{7CDA491D-DD5D-47B4-874C-C7E371B1CA59}"
EndProject
Project("{2150E333-8FDC-42A3-9474-1A3956D46DE8}") = "Task1", "Task1", "{DB7B0EA7-05EE-4DEF-A43A-FA7D1B3C7C1C}"
EndProject
Project("{FAE04EC0-301F-11D3-BF4B-00C04F79EFBC}") = "Tyuiu.PisarevMA.Sprint3.Task1.V24", "Tyuiu.PisarevMA.Sprint3.Task1.V24\Tyuiu.PisarevMA.Sprint3.Task1.V24.csproj", "{173BF99B-763F-4539-81A3-A8087D0E253E}"
EndProject
Project("{FAE04EC0-301F-11D3-BF4B-00C04F79EFBC}") = "Tyuiu.PisarevMA.Sprint3.Task1.V24.Lib", "Tyuiu.PisarevMA.Sprint3.Task1.V24.Lib\Tyuiu.PisarevMA.Sprint3.Task1.V24.Lib.csproj", "{67682CAF-5A29-4574-822A-864FB53D4FCB}"
EndProject
Project("{FAE04EC0-301F-11D3-BF4B-00C04F79EFBC}") = "Tyuiu.PisarevMA.Sprint3.Task1.V24.Test", "Tyuiu.PisarevMA.Sprint3.Task1.V24.Test\Tyuiu.PisarevMA.Sprint3.Task1.V24.Test.csproj", "{E9586F2E-786C-46DF-AA35-6DFAD7041F15}"
EndProject
Project("{2150E333-8FDC-42A3-9474-1A3956D46DE8}") = "Task2", "Task2", "{8909AA09-DCB6-4C7B-9BF0-5B08324A59EC}"
EndProject
Project("{FAE04EC0-301F-11D3-BF4B-00C04F79EFBC}") = "Tyuiu.PisarevMA.Sprint3.Task2.V28", "Tyuiu.PisarevMA.Sprint3.Task2.V28\Tyuiu.PisarevMA.Sprint3.Task2.V28.csproj", "{A07C4C51-8079-4963-B505-B63A790846F4}"
EndProject
Project("{FAE04EC0-301F-11D3-BF4B-00C04F79EFBC}") = "Tyuiu.PisarevMA.Sprint3.Task2.V28.Lib", "Tyuiu.PisarevMA.Sprint3.Task2.V28.Lib\Tyuiu.PisarevMA.Sprint3.Task2.V28.Lib.csproj", "{BED90231-9935-4335-AA9A-C7E10D160797}"
EndProject
Project("{FAE04EC0-301F-11D3-BF4B-00C04F79EFBC}") = "Tyuiu.PisarevMA.Sprint3.Task2.V28.Test", "Tyuiu.PisarevMA.Sprint3.Task2.V28.Test\Tyuiu.PisarevMA.Sprint3.Task2.V28.Test.csproj", "{3A0C9E08-060F-449D-9F3E-B336941FF9BC}"
EndProject
Project("{2150E333-8FDC-42A3-9474-1A3956D46DE8}") = "Task3", "Task3", "{6329E13F-238F-4BBE-A8CE-FE10852D7166}"
EndProject
Project("{FAE04EC0-301F-11D3-BF4B-00C04F79EFBC}") = "Tyuiu.PisarevMA.Sprint3.Task3.V4", "Tyuiu.PisarevMA.Sprint3.Task3.V4\Tyuiu.PisarevMA.Sprint3.Task3.V4.csproj", "{DDBED936-E524-425C-B715-97F4AEC28C83}"
EndProject
Project("{FAE04EC0-301F-11D3-BF4B-00C04F79EFBC}") = "Tyuiu.PisarevMA.Sprint3.Task3.V4.Lib", "Tyuiu.PisarevMA.Sprint3.Task3.V4.Lib\Tyuiu.PisarevMA.Sprint3.Task3.V4.Lib.csproj", "{1916C2BE-E308-40BA-A24F-74FD7F39E479}"
EndProject
Project("{FAE04EC0-301F-11D3-BF4B-00C04F79EFBC}") = "Tyuiu.PisarevMA.Sprint3.Task3.V4.Test", "Tyuiu.PisarevMA.Sprint3.Task3.V4.Test\Tyuiu.PisarevMA.Sprint3.Task3.V4.Test.csproj", "{42531265-35FB-4AD3-A26D-58E03F2C861E}"
EndProject
Project("{2150E333-8FDC-42A3-9474-1A3956D46DE8}") = "Task4", "Task4", "{F46283D8-8EEC-4CC6-9486-7DEAECC0A190}"
EndProject
Project("{FAE04EC0-301F-11D3-BF4B-00C04F79EFBC}") = "Tyuiu.PisarevMA.Sprint3.Task4.V16", "Tyuiu.PisarevMA.Sprint3.Task4.V16\Tyuiu.PisarevMA.Sprint3.Task4.V16.csproj", "{686A8095-6664-4E34-AB66-1D7AA6F056EF}"
EndProject
Project("{FAE04EC0-301F-11D3-BF4B-00C04F79EFBC}") = "Tyuiu.PisarevMA.Sprint3.Task4.V16.Lib", "Tyuiu.PisarevMA.Sprint3.Task4.V16.Lib\Tyuiu.PisarevMA.Sprint3.Task4.V16.Lib.csproj", "{BC1120C5-C4FF-45AA-8999-9A8449901D89}"
EndProject
Project("{FAE04EC0-301F-11D3-BF4B-00C04F79EFBC}") = "Tyuiu.PisarevMA.Sprint3.Task4.V16.Test", "Tyuiu.PisarevMA.Sprint3.Task4.V16.Test\Tyuiu.PisarevMA.Sprint3.Task4.V16.Test.csproj", "{A70DC733-A519-40C7-A57B-C7EAFEA374D9}"
EndProject
Global
	GlobalSection(SolutionConfigurationPlatforms) = preSolution
		Debug|Any CPU = Debug|Any CPU
		Release|Any CPU = Release|Any CPU
	EndGlobalSection
	GlobalSection(ProjectConfigurationPlatforms) = postSolution
		{C0936A78-205C-45BE-9C85-4277298C45B5}.Debug|Any CPU.ActiveCfg = Debug|Any CPU
		{C0936A78-205C-45BE-9C85-4277298C45B5}.Debug|Any CPU.Build.0 = Debug|Any CPU
		{C0936A78-205C-45BE-9C85-4277298C45B5}.Release|Any CPU.ActiveCfg = Release|Any CPU
		{C0936A78-205C-45BE-9C85-4277298C45B5}.Release|Any CPU.Build.0 = Release|Any CPU
		{83A98987-AC88-4893-92F8-A642F23B829D}.Debug|Any CPU.ActiveCfg = Debug|Any CPU
		{83A98987-AC88-4893-92F8-A642F23B829D}.Debug|Any CPU.Build.0 = Debug|Any CPU
		{83A98987-AC88-4893-92F8-A642F23B829D}.Release|Any CPU.ActiveCfg = Release|Any CPU
		{83A98987-AC88-4893-92F8-A642F23B829D}.Release|Any CPU.Build.0 = Release|Any CPU
		{7CDA491D-DD5D-47B4-874C-C7E371B1CA59}.Debug|Any CPU.ActiveCfg = Debug|Any CPU
		{7CDA491D-DD5D-47B4-874C-C7E371B1CA59}.Debug|Any CPU.Build.0 = Debug|Any CPU
		{7CDA491D-DD5D-47B4-874C-C7E371B1CA59}.Release|Any CPU.ActiveCfg = Release|Any CPU
		{7CDA491D-DD5D-47B4-874C-C7E371B1CA59}.Release|Any CPU.Build.0 = Release|Any CPU
		{173BF99B-763F-4539-81A3-A8087D0E253E}.Debug|Any CPU.ActiveCfg = Debug|Any CPU
		{173BF99B-763F-4539-81A3-A8087D0E253E}.Debug|Any CPU.Build.0 = Debug|Any CPU
		{173BF99B-763F-4539-81A3-A8087D0E253E}.Release|Any CPU.ActiveCfg = Release|Any CPU
		{173BF99B-763F-4539-81A3-A8087D0E253E}.Release|Any CPU.Build.0 = Release|Any CPU
		{67682CAF-5A29-4574-822A-864FB53D4FCB}.Debug|Any CPU.ActiveCfg = Debug|Any CPU
		{67682CAF-5A29-4574-822A-864FB53D4FCB}.Debug|Any CPU.Build.0 = Debug|Any CPU
		{67682CAF-5A29-4574-822A-864FB53D4FCB}.Release|Any CPU.ActiveCfg = Release|Any CPU
		{67682CAF-5A29-4574-822A-864FB53D4FCB}.Release|Any CPU.Build.0 = Release|Any CPU
		{E9586F2E-786C-46DF-AA35-6DFAD7041F15}.Debug|Any CPU.ActiveCfg = Debug|Any CPU
		{E9586F2E-786C-46DF-AA35-6DFAD7041F15}.Debug|Any CPU.Build.0 = Debug|Any CPU
		{E9586F2E-786C-46DF-AA35-6DFAD7041F15}.Release|Any CPU.ActiveCfg = Release|Any CPU
		{E9586F2E-786C-46DF-AA35-6DFAD7041F15}.Release|Any CPU.Build.0 = Release|Any CPU
		{A07C4C51-8079-4963-B505-B63A790846F4}.Debug|Any CPU.ActiveCfg = Debug|Any CPU
		{A07C4C51-8079-4963-B505-B63A790846F4}.Debug|Any CPU.Build.0 = Debug|Any CPU
		{A07C4C51-8079-4963-B505-B63A790846F4}.Release|Any CPU.ActiveCfg = Release|Any CPU
		{A07C4C51-8079-4963-B505-B63A790846F4}.Release|Any CPU.Build.0 = Release|Any CPU
		{BED90231-9935-4335-AA9A-C7E10D160797}.Debug|Any CPU.ActiveCfg = Debug|Any CPU
		{BED90231-9935-4335-AA9A-C7E10D160797}.Debug|Any CPU.Build.0 = Debug|Any CPU
		{BED90231-9935-4335-AA9A-C7E10D160797}.Release|Any CPU.ActiveCfg = Release|Any CPU
		{BED90231-9935-4335-AA9A-C7E10D160797}.Release|Any CPU.Build.0 = Release|Any CPU
		{3A0C9E08-060F-449D-9F3E-B336941FF9BC}.Debug|Any CPU.ActiveCfg = Debug|Any CPU
		{3A0C9E08-060F-449D-9F3E-B336941FF9BC}.Debug|Any CPU.Build.0 = Debug|Any CPU
		{3A0C9E08-060F-449D-9F3E-B336941FF9BC}.Release|Any CPU.ActiveCfg = Release|Any CPU
		{3A0C9E08-060F-449D-9F3E-B336941FF9BC}.Release|Any CPU.Build.0 = Release|Any CPU
		{DDBED936-E524-425C-B715-97F4AEC28C83}.Debug|Any CPU.ActiveCfg = Debug|Any CPU
		{DDBED936-E524-425C-B715-97F4AEC28C83}.Debug|Any CPU.Build.0 = Debug|Any CPU
		{DDBED936-E524-425C-B715-97F4AEC28C83}.Release|Any CPU.ActiveCfg = Release|Any CPU
		{DDBED936-E524-425C-B715-97F4AEC28C83}.Release|Any CPU.Build.0 = Release|Any CPU
		{1916C2BE-E308-40BA-A24F-74FD7F39E479}.Debug|Any CPU.ActiveCfg = Debug|Any CPU
		{1916C2BE-E308-40BA-A24F-74FD7F39E479}.Debug|Any CPU.Build.0 = Debug|Any CPU
		{1916C2BE-E308-40BA-A24F-74FD7F39E479}.Release|Any CPU.ActiveCfg = Release|Any CPU
		{1916C2BE-E308-40BA-A24F-74FD7F39E479}.Release|Any CPU.Build.0 = Release|Any CPU
		{42531265-35FB-4AD3-A26D-58E03F2C861E}.Debug|Any CPU.ActiveCfg = Debug|Any CPU
		{42531265-35FB-4AD3-A26D-58E03F2C861E}.Debug|Any CPU.Build.0 = Debug|Any CPU
		{42531265-35FB-4AD3-A26D-58E03F2C861E}.Release|Any CPU.ActiveCfg = Release|Any CPU
		{42531265-35FB-4AD3-A26D-58E03F2C861E}.Release|Any CPU.Build.0 = Release|Any CPU
		{686A8095-6664-4E34-AB66-1D7AA6F056EF}.Debug|Any CPU.ActiveCfg = Debug|Any CPU
		{686A8095-6664-4E34-AB66-1D7AA6F056EF}.Debug|Any CPU.Build.0 = Debug|Any CPU
		{686A8095-6664-4E34-AB66-1D7AA6F056EF}.Release|Any CPU.ActiveCfg = Release|Any CPU
		{686A8095-6664-4E34-AB66-1D7AA6F056EF}.Release|Any CPU.Build.0 = Release|Any CPU
		{BC1120C5-C4FF-45AA-8999-9A8449901D89}.Debug|Any CPU.ActiveCfg = Debug|Any CPU
		{BC1120C5-C4FF-45AA-8999-9A8449901D89}.Debug|Any CPU.Build.0 = Debug|Any CPU
		{BC1120C5-C4FF-45AA-8999-9A8449901D89}.Release|Any CPU.ActiveCfg = Release|Any CPU
		{BC1120C5-C4FF-45AA-8999-9A8449901D89}.Release|Any CPU.Build.0 = Release|Any CPU
		{A70DC733-A519-40C7-A57B-C7EAFEA374D9}.Debug|Any CPU.ActiveCfg = Debug|Any CPU
		{A70DC733-A519-40C7-A57B-C7EAFEA374D9}.Debug|Any CPU.Build.0 = Debug|Any CPU
		{A70DC733-A519-40C7-A57B-C7EAFEA374D9}.Release|Any CPU.ActiveCfg = Release|Any CPU
		{A70DC733-A519-40C7-A57B-C7EAFEA374D9}.Release|Any CPU.Build.0 = Release|Any CPU
	EndGlobalSection
	GlobalSection(SolutionProperties) = preSolution
		HideSolutionNode = FALSE
	EndGlobalSection
	GlobalSection(NestedProjects) = preSolution
		{C0936A78-205C-45BE-9C85-4277298C45B5} = {02EA681E-C7D8-13C7-8484-4AC65E1B71E8}
		{83A98987-AC88-4893-92F8-A642F23B829D} = {02EA681E-C7D8-13C7-8484-4AC65E1B71E8}
		{7CDA491D-DD5D-47B4-874C-C7E371B1CA59} = {02EA681E-C7D8-13C7-8484-4AC65E1B71E8}
		{173BF99B-763F-4539-81A3-A8087D0E253E} = {DB7B0EA7-05EE-4DEF-A43A-FA7D1B3C7C1C}
		{67682CAF-5A29-4574-822A-864FB53D4FCB} = {DB7B0EA7-05EE-4DEF-A43A-FA7D1B3C7C1C}
		{E9586F2E-786C-46DF-AA35-6DFAD7041F15} = {DB7B0EA7-05EE-4DEF-A43A-FA7D1B3C7C1C}
		{A07C4C51-8079-4963-B505-B63A790846F4} = {8909AA09-DCB6-4C7B-9BF0-5B08324A59EC}
		{BED90231-9935-4335-AA9A-C7E10D160797} = {8909AA09-DCB6-4C7B-9BF0-5B08324A59EC}
		{3A0C9E08-060F-449D-9F3E-B336941FF9BC} = {8909AA09-DCB6-4C7B-9BF0-5B08324A59EC}
		{DDBED936-E524-425C-B715-97F4AEC28C83} = {6329E13F-238F-4BBE-A8CE-FE10852D7166}
		{1916C2BE-E308-40BA-A24F-74FD7F39E479} = {6329E13F-238F-4BBE-A8CE-FE10852D7166}
		{42531265-35FB-4AD3-A26D-58E03F2C861E} = {6329E13F-238F-4BBE-A8CE-FE10852D7166}
		{686A8095-6664-4E34-AB66-1D7AA6F056EF} = {F46283D8-8EEC-4CC6-9486-7DEAECC0A190}
		{BC1120C5-C4FF-45AA-8999-9A8449901D89} = {F46283D8-8EEC-4CC6-9486-7DEAECC0A190}
		{A70DC733-A519-40C7-A57B-C7EAFEA374D9} = {F46283D8-8EEC-4CC6-9486-7DEAECC0A190}
	EndGlobalSection
	GlobalSection(ExtensibilityGlobals) = postSolution
		SolutionGuid = {235E8DBD-F564-4D33-9532-7A9DBFBD6F9D}
	EndGlobalSection
EndGlobal
