
Microsoft Visual Studio Solution File, Format Version 12.00
# Visual Studio Version 17
VisualStudioVersion = 17.14.36429.23 d17.14
MinimumVisualStudioVersion = 10.0.40219.1
Project("{2150E333-8FDC-42A3-9474-1A3956D46DE8}") = "Task0", "Task0", "{02EA681E-C7D8-13C7-8484-4AC65E1B71E8}"
EndProject
Project("{FAE04EC0-301F-11D3-BF4B-00C04F79EFBC}") = "Tyuiu.PisarevMA.Sprint3.Task0.V25", "Tyuiu.PisarevMA.Sprint3.Task0.V25\Tyuiu.PisarevMA.Sprint3.Task0.V25.csproj", "{C0936A78-205C-45BE-9C85-4277298C45B5}"
EndProject
Project("{FAE04EC0-301F-11D3-BF4B-00C04F79EFBC}") = "Tyuiu.PisarevMA.Sprint3.Task0.V25.Lib", "Tyuiu.PisarevMA.Sprint3.Task0.V25.Lib\Tyuiu.PisarevMA.Sprint3.Task0.V25.Lib.csproj", "{83A98987-AC88-4893-92F8-A642F23B829D}"
EndProject
Project("{FAE04EC0-301F-11D3-BF4B-00C04F79EFBC}") = "Tyuiu.PisarevMA.Sprint3.Task0.V25.Test", "Tyuiu.PisarevMA.Sprint3.Task0.V25.Test\Tyuiu.PisarevMA.Sprint3.Task0.V25.Test.csproj", "{7CDA491D-DD5D-47B4-874C-C7E371B1CA59}"
EndProject
Project("{2150E333-8FDC-42A3-9474-1A3956D46DE8}") = "Task1", "Task1", "{DB7B0EA7-05EE-4DEF-A43A-FA7D1B3C7C1C}"
EndProject
Project("{FAE04EC0-301F-11D3-BF4B-00C04F79EFBC}") = "Tyuiu.PisarevMA.Sprint3.Task1.V24", "Tyuiu.PisarevMA.Sprint3.Task1.V24\Tyuiu.PisarevMA.Sprint3.Task1.V24.csproj", "{173BF99B-763F-4539-81A3-A8087D0E253E}"
EndProject
Project("{FAE04EC0-301F-11D3-BF4B-00C04F79EFBC}") = "Tyuiu.PisarevMA.Sprint3.Task1.V24.Lib", "Tyuiu.PisarevMA.Sprint3.Task1.V24.Lib\Tyuiu.PisarevMA.Sprint3.Task1.V24.Lib.csproj", "{67682CAF-5A29-4574-822A-864FB53D4FCB}"
EndProject
Project("{FAE04EC0-301F-11D3-BF4B-00C04F79EFBC}") = "Tyuiu.PisarevMA.Sprint3.Task1.V24.Test", "Tyuiu.PisarevMA.Sprint3.Task1.V24.Test\Tyuiu.PisarevMA.Sprint3.Task1.V24.Test.csproj", "{E9586F2E-786C-46DF-AA35-6DFAD7041F15}"
EndProject
Global
	GlobalSection(SolutionConfigurationPlatforms) = preSolution
		Debug|Any CPU = Debug|Any CPU
		Release|Any CPU = Release|Any CPU
	EndGlobalSection
	GlobalSection(ProjectConfigurationPlatforms) = postSolution
		{C0936A78-205C-45BE-9C85-4277298C45B5}.Debug|Any CPU.ActiveCfg = Debug|Any CPU
		{C0936A78-205C-45BE-9C85-4277298C45B5}.Debug|Any CPU.Build.0 = Debug|Any CPU
		{C0936A78-205C-45BE-9C85-4277298C45B5}.Release|Any CPU.ActiveCfg = Release|Any CPU
		{C0936A78-205C-45BE-9C85-4277298C45B5}.Release|Any CPU.Build.0 = Release|Any CPU
		{83A98987-AC88-4893-92F8-A642F23B829D}.Debug|Any CPU.ActiveCfg = Debug|Any CPU
		{83A98987-AC88-4893-92F8-A642F23B829D}.Debug|Any CPU.Build.0 = Debug|Any CPU
		{83A98987-AC88-4893-92F8-A642F23B829D}.Release|Any CPU.ActiveCfg = Release|Any CPU
		{83A98987-AC88-4893-92F8-A642F23B829D}.Release|Any CPU.Build.0 = Release|Any CPU
		{7CDA491D-DD5D-47B4-874C-C7E371B1CA59}.Debug|Any CPU.ActiveCfg = Debug|Any CPU
		{7CDA491D-DD5D-47B4-874C-C7E371B1CA59}.Debug|Any CPU.Build.0 = Debug|Any CPU
		{7CDA491D-DD5D-47B4-874C-C7E371B1CA59}.Release|Any CPU.ActiveCfg = Release|Any CPU
		{7CDA491D-DD5D-47B4-874C-C7E371B1CA59}.Release|Any CPU.Build.0 = Release|Any CPU
		{173BF99B-763F-4539-81A3-A8087D0E253E}.Debug|Any CPU.ActiveCfg = Debug|Any CPU
		{173BF99B-763F-4539-81A3-A8087D0E253E}.Debug|Any CPU.Build.0 = Debug|Any CPU
		{173BF99B-763F-4539-81A3-A8087D0E253E}.Release|Any CPU.ActiveCfg = Release|Any CPU
		{173BF99B-763F-4539-81A3-A8087D0E253E}.Release|Any CPU.Build.0 = Release|Any CPU
		{67682CAF-5A29-4574-822A-864FB53D4FCB}.Debug|Any CPU.ActiveCfg = Debug|Any CPU
		{67682CAF-5A29-4574-822A-864FB53D4FCB}.Debug|Any CPU.Build.0 = Debug|Any CPU
		{67682CAF-5A29-4574-822A-864FB53D4FCB}.Release|Any CPU.ActiveCfg = Release|Any CPU
		{67682CAF-5A29-4574-822A-864FB53D4FCB}.Release|Any CPU.Build.0 = Release|Any CPU
		{E9586F2E-786C-46DF-AA35-6DFAD7041F15}.Debug|Any CPU.ActiveCfg = Debug|Any CPU
		{E9586F2E-786C-46DF-AA35-6DFAD7041F15}.Debug|Any CPU.Build.0 = Debug|Any CPU
		{E9586F2E-786C-46DF-AA35-6DFAD7041F15}.Release|Any CPU.ActiveCfg = Release|Any CPU
		{E9586F2E-786C-46DF-AA35-6DFAD7041F15}.Release|Any CPU.Build.0 = Release|Any CPU
	EndGlobalSection
	GlobalSection(SolutionProperties) = preSolution
		HideSolutionNode = FALSE
	EndGlobalSection
	GlobalSection(NestedProjects) = preSolution
		{C0936A78-205C-45BE-9C85-4277298C45B5} = {02EA681E-C7D8-13C7-8484-4AC65E1B71E8}
		{83A98987-AC88-4893-92F8-A642F23B829D} = {02EA681E-C7D8-13C7-8484-4AC65E1B71E8}
		{7CDA491D-DD5D-47B4-874C-C7E371B1CA59} = {02EA681E-C7D8-13C7-8484-4AC65E1B71E8}
		{173BF99B-763F-4539-81A3-A8087D0E253E} = {DB7B0EA7-05EE-4DEF-A43A-FA7D1B3C7C1C}
		{67682CAF-5A29-4574-822A-864FB53D4FCB} = {DB7B0EA7-05EE-4DEF-A43A-FA7D1B3C7C1C}
		{E9586F2E-786C-46DF-AA35-6DFAD7041F15} = {DB7B0EA7-05EE-4DEF-A43A-FA7D1B3C7C1C}
	EndGlobalSection
	GlobalSection(ExtensibilityGlobals) = postSolution
		SolutionGuid = {235E8DBD-F564-4D33-9532-7A9DBFBD6F9D}
	EndGlobalSection
EndGlobal
